{
  "name": "TestIot",
  "lockfileVersion": 2,
  "requires": true,
  "packages": {
    "": {
      "dependencies": {
        "alchemy": "^0.0.8"
      }
    },
    "node_modules/alchemy": {
      "version": "0.0.8",
      "resolved": "https://registry.npmjs.org/alchemy/-/alchemy-0.0.8.tgz",
      "integrity": "sha512-MWCp1vES4kpLSldU1wY2TvypRcu/HJmc8vdTA0JrkybaX3MRzzexul6QrnCByZ1ftVapYk6Nzn57sqR3f3n0lQ==",
      "dependencies": {
        "bluebird": "~2.2.2",
        "bunyan": "^0.23.1",
        "classy": "^1.4.0",
        "expect.js": "^0.3.0",
        "functionally": "^0.2.1",
        "jsesc": "~0.4.3",
        "newify": "~1.0.0",
        "pg": "~3.4.0",
        "ustring": "^1.1.1"
      }
    },
    "node_modules/balanced-match": {
      "version": "1.0.2",
      "resolved": "https://registry.npmjs.org/balanced-match/-/balanced-match-1.0.2.tgz",
      "integrity": "sha512-3oSeUO0TMV67hN1AmbXsK4yaqU7tjiHlbxRDZOpH0KW9+CeX4bRAaX0Anxt0tx2MrpRpWwQaPwIlISEJhYU5Pw==",
      "optional": true
    },
    "node_modules/bindings": {
      "version": "1.2.1",
      "resolved": "https://registry.npmjs.org/bindings/-/bindings-1.2.1.tgz",
      "integrity": "sha512-u4cBQNepWxYA55FunZSM7wMi55yQaN0otnhhilNoWHq0MfOfJeQx0v0mRRpolGOExPjZcl6FtB0BB8Xkb88F0g=="
    },
    "node_modules/bluebird": {
      "version": "2.2.2",
      "resolved": "https://registry.npmjs.org/bluebird/-/bluebird-2.2.2.tgz",
      "integrity": "sha512-NqzuS2y44FmP++Ihv6/PgXpNRB+c282TKq0URBTQdA+EqPpR1Qu44QY8H8667LA39iOIaVHpmRPI4gpthYT8Ug=="
    },
    "node_modules/brace-expansion": {
      "version": "1.1.11",
      "resolved": "https://registry.npmjs.org/brace-expansion/-/brace-expansion-1.1.11.tgz",
      "integrity": "sha512-iCuPHDFgrHX7H2vEI/5xpz07zSHB00TpugqhmYtVmMO6518mCuRMoOYFldEBl0g187ufozdaHgWKcYFb61qGiA==",
      "optional": true,
      "dependencies": {
        "balanced-match": "^1.0.0",
        "concat-map": "0.0.1"
      }
    },
    "node_modules/buffer-writer": {
      "version": "1.0.0",
      "resolved": "https://registry.npmjs.org/buffer-writer/-/buffer-writer-1.0.0.tgz",
      "integrity": "sha512-EwqHsY9HX59gLKIDAnnsa8G9FFdD7OlTZ6kVj0BXM1WSguvxH4g2FQPaWHtfT6EFWff5ISMr4fH1cZHvne/xWA=="
    },
    "node_modules/bunyan": {
      "version": "0.23.1",
      "resolved": "https://registry.npmjs.org/bunyan/-/bunyan-0.23.1.tgz",
      "integrity": "sha512-AieY6e5+C9duh7l9sPuDUl20gKKgfYwI7cb8jmub5luGwBZYPRd//sWf91efVN0tT1ool90Ck3bTO5oTaHK3JA==",
      "engines": [
        "node >=0.8.0"
      ],
      "bin": {
        "bunyan": "bin/bunyan"
      },
      "optionalDependencies": {
        "dtrace-provider": "0.2.8",
        "mv": "~2"
      }
    },
    "node_modules/classy": {
      "version": "1.4.10",
      "resolved": "https://registry.npmjs.org/classy/-/classy-1.4.10.tgz",
      "integrity": "sha512-UtrrObejx7lOJD8mHEyDv29QLQNl8kIjDOkt9liFzxAhtXoKgRo7PiwLN27YryBXYecuoCHMPctzfRbKnZVtPA==",
      "dependencies": {
        "copy-utils": "~1.0.0",
        "newify": "~1.1.9"
      }
    },
    "node_modules/classy/node_modules/newify": {
      "version": "1.1.9",
      "resolved": "https://registry.npmjs.org/newify/-/newify-1.1.9.tgz",
      "integrity": "sha512-kSq656w2zWHOsUtqYOMyMLUYOFAFWj5kPIQfjOedppsteTF/NsZ76SmIrBqMl8J7KVu5DuXNYknAj2LOeR6nOw=="
    },
    "node_modules/concat-map": {
      "version": "0.0.1",
      "resolved": "https://registry.npmjs.org/concat-map/-/concat-map-0.0.1.tgz",
      "integrity": "sha512-/Srv4dswyQNBfohGpz9o6Yb3Gz3SrUDqBH5rTuhGR7ahtlbYKnVxw2bCFMRljaA7EXHaXZ8wsHdodFvbkhKmqg==",
      "optional": true
    },
    "node_modules/copy-utils": {
      "version": "1.0.0",
      "resolved": "https://registry.npmjs.org/copy-utils/-/copy-utils-1.0.0.tgz",
      "integrity": "sha512-oTvm6T1nSJ+SsoPF0ndZzPfkPh0tHLEp18k6/ABN2cynChXOhxpXNU1E7/Sgn/Da5gyFjRk9Cxa36TaVMkoaSQ=="
    },
    "node_modules/dtrace-provider": {
      "version": "0.2.8",
      "resolved": "https://registry.npmjs.org/dtrace-provider/-/dtrace-provider-0.2.8.tgz",
      "integrity": "sha512-wufYnYt4ISHnT9MEiRgQ3trXuolt7mICTa/ckT+KYHR667K9H82lmI8KM7zKUJ8l5I343A34wJnvL++1TJn1iA==",
      "hasInstallScript": true,
      "optional": true,
      "engines": {
        "node": ">=0.6"
      }
    },
    "node_modules/expect.js": {
      "version": "0.3.1",
      "resolved": "https://registry.npmjs.org/expect.js/-/expect.js-0.3.1.tgz",
      "integrity": "sha512-okDF/FAPEul1ZFLae4hrgpIqAeapoo5TRdcg/lD0iN9S3GWrBFIJwNezGH1DMtIz+RxU4RrFmMq7WUUvDg3J6A=="
    },
    "node_modules/functionally": {
      "version": "0.2.1",
      "resolved": "https://registry.npmjs.org/functionally/-/functionally-0.2.1.tgz",
      "integrity": "sha512-CNbwtR1G2pclMKcv83hBCvDKy/5P9oZrcSkHRNT9APZgjVyeKxcaJtZm1XScwxCvI+YHLDsiE5ElBuM0uWV4Bg=="
    },
    "node_modules/generic-pool": {
      "version": "2.1.1",
      "resolved": "https://registry.npmjs.org/generic-pool/-/generic-pool-2.1.1.tgz",
      "integrity": "sha512-rmJ5g3xQ/FEpzrBqVtRPMTg9pY9MPTKHWrkaCEBEogw+Qjmq29adBgUlLzYtb9kj/JCwPdRd8VP7KuQ+W3JovQ==",
      "engines": {
        "node": ">= 0.2.0"
      }
    },
    "node_modules/glob": {
      "version": "6.0.4",
      "resolved": "https://registry.npmjs.org/glob/-/glob-6.0.4.tgz",
      "integrity": "sha512-MKZeRNyYZAVVVG1oZeLaWie1uweH40m9AZwIwxyPbTSX4hHrVYSzLg0Ro5Z5R7XKkIX+Cc6oD1rqeDJnwsB8/A==",
      "optional": true,
      "dependencies": {
        "inflight": "^1.0.4",
        "inherits": "2",
        "minimatch": "2 || 3",
        "once": "^1.3.0",
        "path-is-absolute": "^1.0.0"
      },
      "engines": {
        "node": "*"
      }
    },
    "node_modules/i-s": {
      "version": "1.2.3",
      "resolved": "https://registry.npmjs.org/i-s/-/i-s-1.2.3.tgz",
      "integrity": "sha512-NUaNYn83GZOhZYbqTzS1BUiJ6TIZfrfGF5FUROYOcoP1Nw/u6qN9PQn+S6hW3EjEWtyFWlnf/ccWWU9bH0U6PQ=="
    },
    "node_modules/inflight": {
      "version": "1.0.6",
      "resolved": "https://registry.npmjs.org/inflight/-/inflight-1.0.6.tgz",
      "integrity": "sha512-k92I/b08q4wvFscXCLvqfsHCrjrF7yiXsQuIVvVE7N82W3+aqpzuUdBbfhWcy/FZR3/4IgflMgKLOsvPDrGCJA==",
      "optional": true,
      "dependencies": {
        "once": "^1.3.0",
        "wrappy": "1"
      }
    },
    "node_modules/inherits": {
      "version": "2.0.4",
      "resolved": "https://registry.npmjs.org/inherits/-/inherits-2.0.4.tgz",
      "integrity": "sha512-k/vGaX4/Yla3WzyMCvTQOXYeIHvqOKtnqBduzTHpzpQZzAskKMhZ2K+EnBiSM9zGSoIFeMpXKxa4dYeZIQqewQ==",
      "optional": true
    },
    "node_modules/jsesc": {
      "version": "0.4.3",
      "resolved": "https://registry.npmjs.org/jsesc/-/jsesc-0.4.3.tgz",
      "integrity": "sha512-+K+Jwd+GvlNdjr++NWuKdCQytzMT/rCdf2VIWssgG+Gtcmkp6gJd83yg6PQ/mOMHeZN+GFZtgcSZn6uK1yQTKg==",
      "bin": {
        "jsesc": "bin/jsesc"
      }
    },
    "node_modules/minimatch": {
      "version": "3.1.2",
      "resolved": "https://registry.npmjs.org/minimatch/-/minimatch-3.1.2.tgz",
      "integrity": "sha512-J7p63hRiAjw1NDEww1W7i37+ByIrOWO5XQQAzZ3VOcL0PNybwpfmV/N05zFAzwQ9USyEcX6t3UO+K5aqBQOIHw==",
      "optional": true,
      "dependencies": {
        "brace-expansion": "^1.1.7"
      },
      "engines": {
        "node": "*"
      }
    },
    "node_modules/minimist": {
      "version": "1.2.8",
      "resolved": "https://registry.npmjs.org/minimist/-/minimist-1.2.8.tgz",
      "integrity": "sha512-2yyAR8qBkN3YuheJanUpWC5U3bb5osDywNB8RzDVlDwDHbocAJveqqj1u8+SVD7jkWT4yvsHCpWqqWqAxb0zCA==",
      "optional": true,
      "funding": {
        "url": "https://github.com/sponsors/ljharb"
      }
    },
    "node_modules/mkdirp": {
      "version": "0.5.6",
      "resolved": "https://registry.npmjs.org/mkdirp/-/mkdirp-0.5.6.tgz",
      "integrity": "sha512-FP+p8RB8OWpF3YZBCrP5gtADmtXApB5AMLn+vdyA+PyxCjrCs00mjyUozssO33cwDeT3wNGdLxJ5M//YqtHAJw==",
      "optional": true,
      "dependencies": {
        "minimist": "^1.2.6"
      },
      "bin": {
        "mkdirp": "bin/cmd.js"
      }
    },
    "node_modules/mv": {
      "version": "2.1.1",
      "resolved": "https://registry.npmjs.org/mv/-/mv-2.1.1.tgz",
      "integrity": "sha512-at/ZndSy3xEGJ8i0ygALh8ru9qy7gWW1cmkaqBN29JmMlIvM//MEO9y1sk/avxuwnPcfhkejkLsuPxH81BrkSg==",
      "optional": true,
      "dependencies": {
        "mkdirp": "~0.5.1",
        "ncp": "~2.0.0",
        "rimraf": "~2.4.0"
      },
      "engines": {
        "node": ">=0.8.0"
      }
    },
    "node_modules/nan": {
      "version": "1.3.0",
      "resolved": "https://registry.npmjs.org/nan/-/nan-1.3.0.tgz",
      "integrity": "sha512-2xPpifjI6OzUZtboDKhRlk9u98eV395Twdp0i0GnwP9PLGpphm4R7Q0wIZXmgmu31ukqUJCg1uXlD44fph/sKg=="
    },
    "node_modules/ncp": {
      "version": "2.0.0",
      "resolved": "https://registry.npmjs.org/ncp/-/ncp-2.0.0.tgz",
      "integrity": "sha512-zIdGUrPRFTUELUvr3Gmc7KZ2Sw/h1PiVM0Af/oHB6zgnV1ikqSfRk+TOufi79aHYCW3NiOXmr1BP5nWbzojLaA==",
      "optional": true,
      "bin": {
        "ncp": "bin/ncp"
      }
    },
    "node_modules/newify": {
      "version": "1.0.0",
      "resolved": "https://registry.npmjs.org/newify/-/newify-1.0.0.tgz",
      "integrity": "sha512-OYSYtYStnYeKOdY8FJ9CCxZZWqWSj0mZNEUfTv+Edl6etZXCSclhRKcPRsELT7kVxvkJWoCAxzRRbEmv/Avm6A=="
    },
    "node_modules/once": {
      "version": "1.4.0",
      "resolved": "https://registry.npmjs.org/once/-/once-1.4.0.tgz",
      "integrity": "sha512-lNaJgI+2Q5URQBkccEKHTQOPaXdUxnZZElQTZY0MFUAuaEqe1E+Nyvgdz/aIyNi6Z9MzO5dv1H8n58/GELp3+w==",
      "optional": true,
      "dependencies": {
        "wrappy": "1"
      }
    },
    "node_modules/packet-reader": {
      "version": "0.2.0",
      "resolved": "https://registry.npmjs.org/packet-reader/-/packet-reader-0.2.0.tgz",
      "integrity": "sha512-3GnoJ2cKeSgikX3llywfuefjtkokRfzySXO2H3bDwVguclnpkvjYcBsQNfCcUpwUKRK+4IhhCD18/rLMVOH+aQ=="
    },
    "node_modules/path-is-absolute": {
      "version": "1.0.1",
      "resolved": "https://registry.npmjs.org/path-is-absolute/-/path-is-absolute-1.0.1.tgz",
      "integrity": "sha512-AVbw3UJ2e9bq64vSaS9Am0fje1Pa8pbGqTTsmXfaIiMpnr5DlDhfJOuLj9Sf95ZPVDAUerDfEk88MPmPe7UCQg==",
      "optional": true,
      "engines": {
        "node": ">=0.10.0"
      }
    },
    "node_modules/pg": {
      "version": "3.4.5",
      "resolved": "https://registry.npmjs.org/pg/-/pg-3.4.5.tgz",
      "integrity": "sha512-aiZYlvMbvJvjucPophloJKUSa2GjbkvE8mccRkoh2GZxBc7+QEjFxGcEhsCxPVNhX1T2g7WK1y1MRhdeAr15VA==",
      "hasInstallScript": true,
      "dependencies": {
        "bindings": "1.2.1",
        "buffer-writer": "1.0.0",
        "generic-pool": "2.1.1",
        "nan": "1.3.0",
        "packet-reader": "0.2.0",
        "pg-connection-string": "0.1.3",
        "pg-types": "1.4.0",
        "pgpass": "0.0.3"
      },
      "engines": {
        "node": ">= 0.8.0"
      }
    },
    "node_modules/pg-connection-string": {
      "version": "0.1.3",
      "resolved": "https://registry.npmjs.org/pg-connection-string/-/pg-connection-string-0.1.3.tgz",
      "integrity": "sha512-i0NV/CrSkFTaiOQs9AGy3tq0dkSjtTd4d7DfsjeDVZAA4aIHInwfFEmriNYGGJUfZ5x6IAC/QddoUpUJjQAi0w=="
    },
    "node_modules/pg-types": {
      "version": "1.4.0",
      "resolved": "https://registry.npmjs.org/pg-types/-/pg-types-1.4.0.tgz",
      "integrity": "sha512-JNGSyZ6VLcqJej/wbQRRez3bhXPmDdXvpWn/ZlCG4LOTilVbYuZVOfUTfGXVXR/Vx2V7/dPMUTWOVGGmSGGILw=="
    },
    "node_modules/pgpass": {
      "version": "0.0.3",
      "resolved": "https://registry.npmjs.org/pgpass/-/pgpass-0.0.3.tgz",
      "integrity": "sha512-vpofpV3oINNktrj0tSskXXvBsOJErO4bk8JYqOQBQ8LzAszJiaNDihidDgDITClZQS6Be9dRROQJoRNMMCELxQ==",
      "dependencies": {
        "split": "~0.3"
      }
    },
    "node_modules/rimraf": {
      "version": "2.4.5",
      "resolved": "https://registry.npmjs.org/rimraf/-/rimraf-2.4.5.tgz",
      "integrity": "sha512-J5xnxTyqaiw06JjMftq7L9ouA448dw/E7dKghkP9WpKNuwmARNNg+Gk8/u5ryb9N/Yo2+z3MCwuqFK/+qPOPfQ==",
      "optional": true,
      "dependencies": {
        "glob": "^6.0.1"
      },
      "bin": {
        "rimraf": "bin.js"
      }
    },
    "node_modules/split": {
      "version": "0.3.3",
      "resolved": "https://registry.npmjs.org/split/-/split-0.3.3.tgz",
      "integrity": "sha512-wD2AeVmxXRBoX44wAycgjVpMhvbwdI2aZjCkvfNcH1YqHQvJVa1duWc73OyVGJUc05fhFaTZeQ/PYsrmyH0JVA==",
      "dependencies": {
        "through": "2"
      },
      "engines": {
        "node": "*"
      }
    },
    "node_modules/through": {
      "version": "2.3.8",
      "resolved": "https://registry.npmjs.org/through/-/through-2.3.8.tgz",
      "integrity": "sha512-w89qg7PI8wAdvX60bMDP+bFoD5Dvhm9oLheFp5O4a2QF0cSBGsBX4qZmadPMvVqlLJBBci+WqGGOAPvcDeNSVg=="
    },
    "node_modules/ustring": {
      "version": "1.4.1",
      "resolved": "https://registry.npmjs.org/ustring/-/ustring-1.4.1.tgz",
      "integrity": "sha512-A5+b7tGsIUCgOsIrWWAgWKmVR60ufiDBUQmWg7E1+iZ1ZKlhrAHGdBuJseyB//dYcbNDvDAH2YiXTasWanWuMQ==",
      "dependencies": {
        "functionally": "~0.x.x",
        "i-s": "~1.x.x"
      }
    },
    "node_modules/wrappy": {
      "version": "1.0.2",
      "resolved": "https://registry.npmjs.org/wrappy/-/wrappy-1.0.2.tgz",
      "integrity": "sha512-l4Sp/DRseor9wL6EvV2+TuQn63dMkPjZ/sp9XkghTEbV9KlPS1xUsZ3u7/IQO4wxtcFB4bgpQPRcR3QCvezPcQ==",
      "optional": true
    }
  },
  "dependencies": {
    "alchemy": {
      "version": "0.0.8",
      "resolved": "https://registry.npmjs.org/alchemy/-/alchemy-0.0.8.tgz",
      "integrity": "sha512-MWCp1vES4kpLSldU1wY2TvypRcu/HJmc8vdTA0JrkybaX3MRzzexul6QrnCByZ1ftVapYk6Nzn57sqR3f3n0lQ==",
      "requires": {
        "bluebird": "~2.2.2",
        "bunyan": "^0.23.1",
        "classy": "^1.4.0",
        "expect.js": "^0.3.0",
        "functionally": "^0.2.1",
        "jsesc": "~0.4.3",
        "newify": "~1.0.0",
        "pg": "~3.4.0",
        "ustring": "^1.1.1"
      }
    },
    "balanced-match": {
      "version": "1.0.2",
      "resolved": "https://registry.npmjs.org/balanced-match/-/balanced-match-1.0.2.tgz",
      "integrity": "sha512-3oSeUO0TMV67hN1AmbXsK4yaqU7tjiHlbxRDZOpH0KW9+CeX4bRAaX0Anxt0tx2MrpRpWwQaPwIlISEJhYU5Pw==",
      "optional": true
    },
    "bindings": {
      "version": "1.2.1",
      "resolved": "https://registry.npmjs.org/bindings/-/bindings-1.2.1.tgz",
      "integrity": "sha512-u4cBQNepWxYA55FunZSM7wMi55yQaN0otnhhilNoWHq0MfOfJeQx0v0mRRpolGOExPjZcl6FtB0BB8Xkb88F0g=="
    },
    "bluebird": {
      "version": "2.2.2",
      "resolved": "https://registry.npmjs.org/bluebird/-/bluebird-2.2.2.tgz",
      "integrity": "sha512-NqzuS2y44FmP++Ihv6/PgXpNRB+c282TKq0URBTQdA+EqPpR1Qu44QY8H8667LA39iOIaVHpmRPI4gpthYT8Ug=="
    },
    "brace-expansion": {
      "version": "1.1.11",
      "resolved": "https://registry.npmjs.org/brace-expansion/-/brace-expansion-1.1.11.tgz",
      "integrity": "sha512-iCuPHDFgrHX7H2vEI/5xpz07zSHB00TpugqhmYtVmMO6518mCuRMoOYFldEBl0g187ufozdaHgWKcYFb61qGiA==",
      "optional": true,
      "requires": {
        "balanced-match": "^1.0.0",
        "concat-map": "0.0.1"
      }
    },
    "buffer-writer": {
      "version": "1.0.0",
      "resolved": "https://registry.npmjs.org/buffer-writer/-/buffer-writer-1.0.0.tgz",
      "integrity": "sha512-EwqHsY9HX59gLKIDAnnsa8G9FFdD7OlTZ6kVj0BXM1WSguvxH4g2FQPaWHtfT6EFWff5ISMr4fH1cZHvne/xWA=="
    },
    "bunyan": {
      "version": "0.23.1",
      "resolved": "https://registry.npmjs.org/bunyan/-/bunyan-0.23.1.tgz",
      "integrity": "sha512-AieY6e5+C9duh7l9sPuDUl20gKKgfYwI7cb8jmub5luGwBZYPRd//sWf91efVN0tT1ool90Ck3bTO5oTaHK3JA==",
      "requires": {
        "dtrace-provider": "0.2.8",
        "mv": "~2"
      }
    },
    "classy": {
      "version": "1.4.10",
      "resolved": "https://registry.npmjs.org/classy/-/classy-1.4.10.tgz",
      "integrity": "sha512-UtrrObejx7lOJD8mHEyDv29QLQNl8kIjDOkt9liFzxAhtXoKgRo7PiwLN27YryBXYecuoCHMPctzfRbKnZVtPA==",
      "requires": {
        "copy-utils": "~1.0.0",
        "newify": "~1.1.9"
      },
      "dependencies": {
        "newify": {
          "version": "1.1.9",
          "resolved": "https://registry.npmjs.org/newify/-/newify-1.1.9.tgz",
          "integrity": "sha512-kSq656w2zWHOsUtqYOMyMLUYOFAFWj5kPIQfjOedppsteTF/NsZ76SmIrBqMl8J7KVu5DuXNYknAj2LOeR6nOw=="
        }
      }
    },
    "concat-map": {
      "version": "0.0.1",
      "resolved": "https://registry.npmjs.org/concat-map/-/concat-map-0.0.1.tgz",
      "integrity": "sha512-/Srv4dswyQNBfohGpz9o6Yb3Gz3SrUDqBH5rTuhGR7ahtlbYKnVxw2bCFMRljaA7EXHaXZ8wsHdodFvbkhKmqg==",
      "optional": true
    },
    "copy-utils": {
      "version": "1.0.0",
      "resolved": "https://registry.npmjs.org/copy-utils/-/copy-utils-1.0.0.tgz",
      "integrity": "sha512-oTvm6T1nSJ+SsoPF0ndZzPfkPh0tHLEp18k6/ABN2cynChXOhxpXNU1E7/Sgn/Da5gyFjRk9Cxa36TaVMkoaSQ=="
    },
    "dtrace-provider": {
      "version": "0.2.8",
      "resolved": "https://registry.npmjs.org/dtrace-provider/-/dtrace-provider-0.2.8.tgz",
      "integrity": "sha512-wufYnYt4ISHnT9MEiRgQ3trXuolt7mICTa/ckT+KYHR667K9H82lmI8KM7zKUJ8l5I343A34wJnvL++1TJn1iA==",
      "optional": true
    },
    "expect.js": {
      "version": "0.3.1",
      "resolved": "https://registry.npmjs.org/expect.js/-/expect.js-0.3.1.tgz",
      "integrity": "sha512-okDF/FAPEul1ZFLae4hrgpIqAeapoo5TRdcg/lD0iN9S3GWrBFIJwNezGH1DMtIz+RxU4RrFmMq7WUUvDg3J6A=="
    },
    "functionally": {
      "version": "0.2.1",
      "resolved": "https://registry.npmjs.org/functionally/-/functionally-0.2.1.tgz",
      "integrity": "sha512-CNbwtR1G2pclMKcv83hBCvDKy/5P9oZrcSkHRNT9APZgjVyeKxcaJtZm1XScwxCvI+YHLDsiE5ElBuM0uWV4Bg=="
    },
    "generic-pool": {
      "version": "2.1.1",
      "resolved": "https://registry.npmjs.org/generic-pool/-/generic-pool-2.1.1.tgz",
      "integrity": "sha512-rmJ5g3xQ/FEpzrBqVtRPMTg9pY9MPTKHWrkaCEBEogw+Qjmq29adBgUlLzYtb9kj/JCwPdRd8VP7KuQ+W3JovQ=="
    },
    "glob": {
      "version": "6.0.4",
      "resolved": "https://registry.npmjs.org/glob/-/glob-6.0.4.tgz",
      "integrity": "sha512-MKZeRNyYZAVVVG1oZeLaWie1uweH40m9AZwIwxyPbTSX4hHrVYSzLg0Ro5Z5R7XKkIX+Cc6oD1rqeDJnwsB8/A==",
      "optional": true,
      "requires": {
        "inflight": "^1.0.4",
        "inherits": "2",
        "minimatch": "2 || 3",
        "once": "^1.3.0",
        "path-is-absolute": "^1.0.0"
      }
    },
    "i-s": {
      "version": "1.2.3",
      "resolved": "https://registry.npmjs.org/i-s/-/i-s-1.2.3.tgz",
      "integrity": "sha512-NUaNYn83GZOhZYbqTzS1BUiJ6TIZfrfGF5FUROYOcoP1Nw/u6qN9PQn+S6hW3EjEWtyFWlnf/ccWWU9bH0U6PQ=="
    },
    "inflight": {
      "version": "1.0.6",
      "resolved": "https://registry.npmjs.org/inflight/-/inflight-1.0.6.tgz",
      "integrity": "sha512-k92I/b08q4wvFscXCLvqfsHCrjrF7yiXsQuIVvVE7N82W3+aqpzuUdBbfhWcy/FZR3/4IgflMgKLOsvPDrGCJA==",
      "optional": true,
      "requires": {
        "once": "^1.3.0",
        "wrappy": "1"
      }
    },
    "inherits": {
      "version": "2.0.4",
      "resolved": "https://registry.npmjs.org/inherits/-/inherits-2.0.4.tgz",
      "integrity": "sha512-k/vGaX4/Yla3WzyMCvTQOXYeIHvqOKtnqBduzTHpzpQZzAskKMhZ2K+EnBiSM9zGSoIFeMpXKxa4dYeZIQqewQ==",
      "optional": true
    },
    "jsesc": {
      "version": "0.4.3",
      "resolved": "https://registry.npmjs.org/jsesc/-/jsesc-0.4.3.tgz",
      "integrity": "sha512-+K+Jwd+GvlNdjr++NWuKdCQytzMT/rCdf2VIWssgG+Gtcmkp6gJd83yg6PQ/mOMHeZN+GFZtgcSZn6uK1yQTKg=="
    },
    "minimatch": {
      "version": "3.1.2",
      "resolved": "https://registry.npmjs.org/minimatch/-/minimatch-3.1.2.tgz",
      "integrity": "sha512-J7p63hRiAjw1NDEww1W7i37+ByIrOWO5XQQAzZ3VOcL0PNybwpfmV/N05zFAzwQ9USyEcX6t3UO+K5aqBQOIHw==",
      "optional": true,
      "requires": {
        "brace-expansion": "^1.1.7"
      }
    },
    "minimist": {
      "version": "1.2.8",
      "resolved": "https://registry.npmjs.org/minimist/-/minimist-1.2.8.tgz",
      "integrity": "sha512-2yyAR8qBkN3YuheJanUpWC5U3bb5osDywNB8RzDVlDwDHbocAJveqqj1u8+SVD7jkWT4yvsHCpWqqWqAxb0zCA==",
      "optional": true
    },
    "mkdirp": {
      "version": "0.5.6",
      "resolved": "https://registry.npmjs.org/mkdirp/-/mkdirp-0.5.6.tgz",
      "integrity": "sha512-FP+p8RB8OWpF3YZBCrP5gtADmtXApB5AMLn+vdyA+PyxCjrCs00mjyUozssO33cwDeT3wNGdLxJ5M//YqtHAJw==",
      "optional": true,
      "requires": {
        "minimist": "^1.2.6"
      }
    },
    "mv": {
      "version": "2.1.1",
      "resolved": "https://registry.npmjs.org/mv/-/mv-2.1.1.tgz",
      "integrity": "sha512-at/ZndSy3xEGJ8i0ygALh8ru9qy7gWW1cmkaqBN29JmMlIvM//MEO9y1sk/avxuwnPcfhkejkLsuPxH81BrkSg==",
      "optional": true,
      "requires": {
        "mkdirp": "~0.5.1",
        "ncp": "~2.0.0",
        "rimraf": "~2.4.0"
      }
    },
    "nan": {
      "version": "1.3.0",
      "resolved": "https://registry.npmjs.org/nan/-/nan-1.3.0.tgz",
      "integrity": "sha512-2xPpifjI6OzUZtboDKhRlk9u98eV395Twdp0i0GnwP9PLGpphm4R7Q0wIZXmgmu31ukqUJCg1uXlD44fph/sKg=="
    },
    "ncp": {
      "version": "2.0.0",
      "resolved": "https://registry.npmjs.org/ncp/-/ncp-2.0.0.tgz",
      "integrity": "sha512-zIdGUrPRFTUELUvr3Gmc7KZ2Sw/h1PiVM0Af/oHB6zgnV1ikqSfRk+TOufi79aHYCW3NiOXmr1BP5nWbzojLaA==",
      "optional": true
    },
    "newify": {
      "version": "1.0.0",
      "resolved": "https://registry.npmjs.org/newify/-/newify-1.0.0.tgz",
      "integrity": "sha512-OYSYtYStnYeKOdY8FJ9CCxZZWqWSj0mZNEUfTv+Edl6etZXCSclhRKcPRsELT7kVxvkJWoCAxzRRbEmv/Avm6A=="
    },
    "once": {
      "version": "1.4.0",
      "resolved": "https://registry.npmjs.org/once/-/once-1.4.0.tgz",
      "integrity": "sha512-lNaJgI+2Q5URQBkccEKHTQOPaXdUxnZZElQTZY0MFUAuaEqe1E+Nyvgdz/aIyNi6Z9MzO5dv1H8n58/GELp3+w==",
      "optional": true,
      "requires": {
        "wrappy": "1"
      }
    },
    "packet-reader": {
      "version": "0.2.0",
      "resolved": "https://registry.npmjs.org/packet-reader/-/packet-reader-0.2.0.tgz",
      "integrity": "sha512-3GnoJ2cKeSgikX3llywfuefjtkokRfzySXO2H3bDwVguclnpkvjYcBsQNfCcUpwUKRK+4IhhCD18/rLMVOH+aQ=="
    },
    "path-is-absolute": {
      "version": "1.0.1",
      "resolved": "https://registry.npmjs.org/path-is-absolute/-/path-is-absolute-1.0.1.tgz",
      "integrity": "sha512-AVbw3UJ2e9bq64vSaS9Am0fje1Pa8pbGqTTsmXfaIiMpnr5DlDhfJOuLj9Sf95ZPVDAUerDfEk88MPmPe7UCQg==",
      "optional": true
    },
    "pg": {
      "version": "3.4.5",
      "resolved": "https://registry.npmjs.org/pg/-/pg-3.4.5.tgz",
      "integrity": "sha512-aiZYlvMbvJvjucPophloJKUSa2GjbkvE8mccRkoh2GZxBc7+QEjFxGcEhsCxPVNhX1T2g7WK1y1MRhdeAr15VA==",
      "requires": {
        "bindings": "1.2.1",
        "buffer-writer": "1.0.0",
        "generic-pool": "2.1.1",
        "nan": "1.3.0",
        "packet-reader": "0.2.0",
        "pg-connection-string": "0.1.3",
        "pg-types": "1.4.0",
        "pgpass": "0.0.3"
      }
    },
    "pg-connection-string": {
      "version": "0.1.3",
      "resolved": "https://registry.npmjs.org/pg-connection-string/-/pg-connection-string-0.1.3.tgz",
      "integrity": "sha512-i0NV/CrSkFTaiOQs9AGy3tq0dkSjtTd4d7DfsjeDVZAA4aIHInwfFEmriNYGGJUfZ5x6IAC/QddoUpUJjQAi0w=="
    },
    "pg-types": {
      "version": "1.4.0",
      "resolved": "https://registry.npmjs.org/pg-types/-/pg-types-1.4.0.tgz",
      "integrity": "sha512-JNGSyZ6VLcqJej/wbQRRez3bhXPmDdXvpWn/ZlCG4LOTilVbYuZVOfUTfGXVXR/Vx2V7/dPMUTWOVGGmSGGILw=="
    },
    "pgpass": {
      "version": "0.0.3",
      "resolved": "https://registry.npmjs.org/pgpass/-/pgpass-0.0.3.tgz",
      "integrity": "sha512-vpofpV3oINNktrj0tSskXXvBsOJErO4bk8JYqOQBQ8LzAszJiaNDihidDgDITClZQS6Be9dRROQJoRNMMCELxQ==",
      "requires": {
        "split": "~0.3"
      }
    },
    "rimraf": {
      "version": "2.4.5",
      "resolved": "https://registry.npmjs.org/rimraf/-/rimraf-2.4.5.tgz",
      "integrity": "sha512-J5xnxTyqaiw06JjMftq7L9ouA448dw/E7dKghkP9WpKNuwmARNNg+Gk8/u5ryb9N/Yo2+z3MCwuqFK/+qPOPfQ==",
      "optional": true,
      "requires": {
        "glob": "^6.0.1"
      }
    },
    "split": {
      "version": "0.3.3",
      "resolved": "https://registry.npmjs.org/split/-/split-0.3.3.tgz",
      "integrity": "sha512-wD2AeVmxXRBoX44wAycgjVpMhvbwdI2aZjCkvfNcH1YqHQvJVa1duWc73OyVGJUc05fhFaTZeQ/PYsrmyH0JVA==",
      "requires": {
        "through": "2"
      }
    },
    "through": {
      "version": "2.3.8",
      "resolved": "https://registry.npmjs.org/through/-/through-2.3.8.tgz",
      "integrity": "sha512-w89qg7PI8wAdvX60bMDP+bFoD5Dvhm9oLheFp5O4a2QF0cSBGsBX4qZmadPMvVqlLJBBci+WqGGOAPvcDeNSVg=="
    },
    "ustring": {
      "version": "1.4.1",
      "resolved": "https://registry.npmjs.org/ustring/-/ustring-1.4.1.tgz",
      "integrity": "sha512-A5+b7tGsIUCgOsIrWWAgWKmVR60ufiDBUQmWg7E1+iZ1ZKlhrAHGdBuJseyB//dYcbNDvDAH2YiXTasWanWuMQ==",
      "requires": {
        "functionally": "~0.x.x",
        "i-s": "~1.x.x"
      }
    },
    "wrappy": {
      "version": "1.0.2",
      "resolved": "https://registry.npmjs.org/wrappy/-/wrappy-1.0.2.tgz",
      "integrity": "sha512-l4Sp/DRseor9wL6EvV2+TuQn63dMkPjZ/sp9XkghTEbV9KlPS1xUsZ3u7/IQO4wxtcFB4bgpQPRcR3QCvezPcQ==",
      "optional": true
    }
  }
}
